
Microsoft Visual Studio Solution File, Format Version 12.00
# Visual Studio 2013
VisualStudioVersion = 12.0.30723.0
MinimumVisualStudioVersion = 10.0.40219.1
Project("{FAE04EC0-301F-11D3-BF4B-00C04F79EFBC}") = "WindowsFormsParcelles", "WindowsFormsParcelles\WindowsFormsParcelles.csproj", "{B32E87C7-5306-4F25-9DEA-8534814911F4}"
EndProject
Project("{FAE04EC0-301F-11D3-BF4B-00C04F79EFBC}") = "ParcelleLibraryJSON", "..\ParcelleLibrary\ParcelleLibraryJSON\ParcelleLibraryJSON.csproj", "{F6C967D6-BA4B-4342-AEBA-2F0776A9D12A}"
EndProject
Global
	GlobalSection(SolutionConfigurationPlatforms) = preSolution
		Debug|Any CPU = Debug|Any CPU
		Release|Any CPU = Release|Any CPU
	EndGlobalSection
	GlobalSection(ProjectConfigurationPlatforms) = postSolution
		{B32E87C7-5306-4F25-9DEA-8534814911F4}.Debug|Any CPU.ActiveCfg = Debug|Any CPU
		{B32E87C7-5306-4F25-9DEA-8534814911F4}.Debug|Any CPU.Build.0 = Debug|Any CPU
		{B32E87C7-5306-4F25-9DEA-8534814911F4}.Release|Any CPU.ActiveCfg = Release|Any CPU
		{B32E87C7-5306-4F25-9DEA-8534814911F4}.Release|Any CPU.Build.0 = Release|Any CPU
		{F6C967D6-BA4B-4342-AEBA-2F0776A9D12A}.Debug|Any CPU.ActiveCfg = Debug|Any CPU
		{F6C967D6-BA4B-4342-AEBA-2F0776A9D12A}.Debug|Any CPU.Build.0 = Debug|Any CPU
		{F6C967D6-BA4B-4342-AEBA-2F0776A9D12A}.Release|Any CPU.ActiveCfg = Release|Any CPU
		{F6C967D6-BA4B-4342-AEBA-2F0776A9D12A}.Release|Any CPU.Build.0 = Release|Any CPU
	EndGlobalSection
	GlobalSection(SolutionProperties) = preSolution
		HideSolutionNode = FALSE
	EndGlobalSection
EndGlobal
